// !$*UTF8*$!
{
	archiveVersion = 1;
	classes = {
	};
	objectVersion = 50;
	objects = {

/* Begin PBXBuildFile section */
		57A1EF692574E24A0098EE6E /* SecondViewController.swift in Sources */ = {isa = PBXBuildFile; fileRef = 57A1EF682574E24A0098EE6E /* SecondViewController.swift */; };
		57A1EF712574E2520098EE6E /* ThirdViewController.swift in Sources */ = {isa = PBXBuildFile; fileRef = 57A1EF702574E2520098EE6E /* ThirdViewController.swift */; };
		57A1EFA72575D22A0098EE6E /* menubar-bg.png in Resources */ = {isa = PBXBuildFile; fileRef = 57A1EF9A2575D2290098EE6E /* menubar-bg.png */; };
		57A1EFA82575D22A0098EE6E /* file-tree.png in Resources */ = {isa = PBXBuildFile; fileRef = 57A1EF9B2575D2290098EE6E /* file-tree.png */; };
		57A1EFA92575D22A0098EE6E /* calendar.png in Resources */ = {isa = PBXBuildFile; fileRef = 57A1EF9C2575D2290098EE6E /* calendar.png */; };
		57A1EFAA2575D22A0098EE6E /* google@2x.png in Resources */ = {isa = PBXBuildFile; fileRef = 57A1EF9D2575D2290098EE6E /* google@2x.png */; };
		57A1EFAB2575D22A0098EE6E /* checkmark@2x.png in Resources */ = {isa = PBXBuildFile; fileRef = 57A1EF9E2575D2290098EE6E /* checkmark@2x.png */; };
		57A1EFAC2575D22A0098EE6E /* photo.png in Resources */ = {isa = PBXBuildFile; fileRef = 57A1EF9F2575D2290098EE6E /* photo.png */; };
		57A1EFAD2575D22A0098EE6E /* homes_119.png in Resources */ = {isa = PBXBuildFile; fileRef = 57A1EFA02575D2290098EE6E /* homes_119.png */; };
		57A1EFAE2575D22A0098EE6E /* designbump@2x.png in Resources */ = {isa = PBXBuildFile; fileRef = 57A1EFA12575D2290098EE6E /* designbump@2x.png */; };
		57A1EFAF2575D22A0098EE6E /* connectivity-bar.png in Resources */ = {isa = PBXBuildFile; fileRef = 57A1EFA22575D2290098EE6E /* connectivity-bar.png */; };
		57A1EFB02575D22A0098EE6E /* menubar-bg-mini.png in Resources */ = {isa = PBXBuildFile; fileRef = 57A1EFA32575D2290098EE6E /* menubar-bg-mini.png */; };
		57A1EFB12575D22A0098EE6E /* twitter@2x.png in Resources */ = {isa = PBXBuildFile; fileRef = 57A1EFA42575D2290098EE6E /* twitter@2x.png */; };
		57A1EFB22575D22A0098EE6E /* facebook@2x.png in Resources */ = {isa = PBXBuildFile; fileRef = 57A1EFA52575D2290098EE6E /* facebook@2x.png */; };
		57A1EFB32575D22A0098EE6E /* rss@2x.png in Resources */ = {isa = PBXBuildFile; fileRef = 57A1EFA62575D22A0098EE6E /* rss@2x.png */; };
		57A567752592311A008568DB /* SideBarViewController.swift in Sources */ = {isa = PBXBuildFile; fileRef = 57A567722592311A008568DB /* SideBarViewController.swift */; };
		57A567762592311A008568DB /* RevealViewController.swift in Sources */ = {isa = PBXBuildFile; fileRef = 57A567732592311A008568DB /* RevealViewController.swift */; };
		57A567772592311A008568DB /* FrontViewController.swift in Sources */ = {isa = PBXBuildFile; fileRef = 57A567742592311A008568DB /* FrontViewController.swift */; };
		57DE6FFB2574B15F0047C09C /* AppDelegate.swift in Sources */ = {isa = PBXBuildFile; fileRef = 57DE6FFA2574B15F0047C09C /* AppDelegate.swift */; };
		57DE6FFD2574B15F0047C09C /* SceneDelegate.swift in Sources */ = {isa = PBXBuildFile; fileRef = 57DE6FFC2574B15F0047C09C /* SceneDelegate.swift */; };
		57DE6FFF2574B15F0047C09C /* ViewController.swift in Sources */ = {isa = PBXBuildFile; fileRef = 57DE6FFE2574B15F0047C09C /* ViewController.swift */; };
		57DE70022574B15F0047C09C /* Main.storyboard in Resources */ = {isa = PBXBuildFile; fileRef = 57DE70002574B15F0047C09C /* Main.storyboard */; };
		57DE70052574B15F0047C09C /* TabBarController.xcdatamodeld in Sources */ = {isa = PBXBuildFile; fileRef = 57DE70032574B15F0047C09C /* TabBarController.xcdatamodeld */; };
		57DE70072574B15F0047C09C /* Assets.xcassets in Resources */ = {isa = PBXBuildFile; fileRef = 57DE70062574B15F0047C09C /* Assets.xcassets */; };
		57DE700A2574B15F0047C09C /* LaunchScreen.storyboard in Resources */ = {isa = PBXBuildFile; fileRef = 57DE70082574B15F0047C09C /* LaunchScreen.storyboard */; };
		57DE70152574B15F0047C09C /* TabBarControllerTests.swift in Sources */ = {isa = PBXBuildFile; fileRef = 57DE70142574B15F0047C09C /* TabBarControllerTests.swift */; };
		57DE70202574B15F0047C09C /* TabBarControllerUITests.swift in Sources */ = {isa = PBXBuildFile; fileRef = 57DE701F2574B15F0047C09C /* TabBarControllerUITests.swift */; };
/* End PBXBuildFile section */

/* Begin PBXContainerItemProxy section */
		57DE70112574B15F0047C09C /* PBXContainerItemProxy */ = {
			isa = PBXContainerItemProxy;
			containerPortal = 57DE6FEF2574B15E0047C09C /* Project object */;
			proxyType = 1;
			remoteGlobalIDString = 57DE6FF62574B15E0047C09C;
			remoteInfo = TabBarController;
		};
		57DE701C2574B15F0047C09C /* PBXContainerItemProxy */ = {
			isa = PBXContainerItemProxy;
			containerPortal = 57DE6FEF2574B15E0047C09C /* Project object */;
			proxyType = 1;
			remoteGlobalIDString = 57DE6FF62574B15E0047C09C;
			remoteInfo = TabBarController;
		};
/* End PBXContainerItemProxy section */

/* Begin PBXFileReference section */
		57A1EF682574E24A0098EE6E /* SecondViewController.swift */ = {isa = PBXFileReference; lastKnownFileType = sourcecode.swift; path = SecondViewController.swift; sourceTree = "<group>"; };
		57A1EF702574E2520098EE6E /* ThirdViewController.swift */ = {isa = PBXFileReference; lastKnownFileType = sourcecode.swift; path = ThirdViewController.swift; sourceTree = "<group>"; };
		57A1EF9A2575D2290098EE6E /* menubar-bg.png */ = {isa = PBXFileReference; lastKnownFileType = image.png; path = "menubar-bg.png"; sourceTree = "<group>"; };
		57A1EF9B2575D2290098EE6E /* file-tree.png */ = {isa = PBXFileReference; lastKnownFileType = image.png; path = "file-tree.png"; sourceTree = "<group>"; };
		57A1EF9C2575D2290098EE6E /* calendar.png */ = {isa = PBXFileReference; lastKnownFileType = image.png; path = calendar.png; sourceTree = "<group>"; };
		57A1EF9D2575D2290098EE6E /* google@2x.png */ = {isa = PBXFileReference; lastKnownFileType = image.png; path = "google@2x.png"; sourceTree = "<group>"; };
		57A1EF9E2575D2290098EE6E /* checkmark@2x.png */ = {isa = PBXFileReference; lastKnownFileType = image.png; path = "checkmark@2x.png"; sourceTree = "<group>"; };
		57A1EF9F2575D2290098EE6E /* photo.png */ = {isa = PBXFileReference; lastKnownFileType = image.png; path = photo.png; sourceTree = "<group>"; };
		57A1EFA02575D2290098EE6E /* homes_119.png */ = {isa = PBXFileReference; lastKnownFileType = image.png; path = homes_119.png; sourceTree = "<group>"; };
		57A1EFA12575D2290098EE6E /* designbump@2x.png */ = {isa = PBXFileReference; lastKnownFileType = image.png; path = "designbump@2x.png"; sourceTree = "<group>"; };
		57A1EFA22575D2290098EE6E /* connectivity-bar.png */ = {isa = PBXFileReference; lastKnownFileType = image.png; path = "connectivity-bar.png"; sourceTree = "<group>"; };
		57A1EFA32575D2290098EE6E /* menubar-bg-mini.png */ = {isa = PBXFileReference; lastKnownFileType = image.png; path = "menubar-bg-mini.png"; sourceTree = "<group>"; };
		57A1EFA42575D2290098EE6E /* twitter@2x.png */ = {isa = PBXFileReference; lastKnownFileType = image.png; path = "twitter@2x.png"; sourceTree = "<group>"; };
		57A1EFA52575D2290098EE6E /* facebook@2x.png */ = {isa = PBXFileReference; lastKnownFileType = image.png; path = "facebook@2x.png"; sourceTree = "<group>"; };
		57A1EFA62575D22A0098EE6E /* rss@2x.png */ = {isa = PBXFileReference; lastKnownFileType = image.png; path = "rss@2x.png"; sourceTree = "<group>"; };
		57A567722592311A008568DB /* SideBarViewController.swift */ = {isa = PBXFileReference; fileEncoding = 4; lastKnownFileType = sourcecode.swift; path = SideBarViewController.swift; sourceTree = "<group>"; };
		57A567732592311A008568DB /* RevealViewController.swift */ = {isa = PBXFileReference; fileEncoding = 4; lastKnownFileType = sourcecode.swift; path = RevealViewController.swift; sourceTree = "<group>"; };
		57A567742592311A008568DB /* FrontViewController.swift */ = {isa = PBXFileReference; fileEncoding = 4; lastKnownFileType = sourcecode.swift; path = FrontViewController.swift; sourceTree = "<group>"; };
		57DE6FF72574B15F0047C09C /* TabBarController.app */ = {isa = PBXFileReference; explicitFileType = wrapper.application; includeInIndex = 0; path = TabBarController.app; sourceTree = BUILT_PRODUCTS_DIR; };
		57DE6FFA2574B15F0047C09C /* AppDelegate.swift */ = {isa = PBXFileReference; lastKnownFileType = sourcecode.swift; path = AppDelegate.swift; sourceTree = "<group>"; };
		57DE6FFC2574B15F0047C09C /* SceneDelegate.swift */ = {isa = PBXFileReference; lastKnownFileType = sourcecode.swift; path = SceneDelegate.swift; sourceTree = "<group>"; };
		57DE6FFE2574B15F0047C09C /* ViewController.swift */ = {isa = PBXFileReference; lastKnownFileType = sourcecode.swift; path = ViewController.swift; sourceTree = "<group>"; };
		57DE70012574B15F0047C09C /* Base */ = {isa = PBXFileReference; lastKnownFileType = file.storyboard; name = Base; path = Base.lproj/Main.storyboard; sourceTree = "<group>"; };
		57DE70042574B15F0047C09C /* TabBarController.xcdatamodel */ = {isa = PBXFileReference; lastKnownFileType = wrapper.xcdatamodel; path = TabBarController.xcdatamodel; sourceTree = "<group>"; };
		57DE70062574B15F0047C09C /* Assets.xcassets */ = {isa = PBXFileReference; lastKnownFileType = folder.assetcatalog; path = Assets.xcassets; sourceTree = "<group>"; };
		57DE70092574B15F0047C09C /* Base */ = {isa = PBXFileReference; lastKnownFileType = file.storyboard; name = Base; path = Base.lproj/LaunchScreen.storyboard; sourceTree = "<group>"; };
		57DE700B2574B15F0047C09C /* Info.plist */ = {isa = PBXFileReference; lastKnownFileType = text.plist.xml; path = Info.plist; sourceTree = "<group>"; };
		57DE70102574B15F0047C09C /* TabBarControllerTests.xctest */ = {isa = PBXFileReference; explicitFileType = wrapper.cfbundle; includeInIndex = 0; path = TabBarControllerTests.xctest; sourceTree = BUILT_PRODUCTS_DIR; };
		57DE70142574B15F0047C09C /* TabBarControllerTests.swift */ = {isa = PBXFileReference; lastKnownFileType = sourcecode.swift; path = TabBarControllerTests.swift; sourceTree = "<group>"; };
		57DE70162574B15F0047C09C /* Info.plist */ = {isa = PBXFileReference; lastKnownFileType = text.plist.xml; path = Info.plist; sourceTree = "<group>"; };
		57DE701B2574B15F0047C09C /* TabBarControllerUITests.xctest */ = {isa = PBXFileReference; explicitFileType = wrapper.cfbundle; includeInIndex = 0; path = TabBarControllerUITests.xctest; sourceTree = BUILT_PRODUCTS_DIR; };
		57DE701F2574B15F0047C09C /* TabBarControllerUITests.swift */ = {isa = PBXFileReference; lastKnownFileType = sourcecode.swift; path = TabBarControllerUITests.swift; sourceTree = "<group>"; };
		57DE70212574B15F0047C09C /* Info.plist */ = {isa = PBXFileReference; lastKnownFileType = text.plist.xml; path = Info.plist; sourceTree = "<group>"; };
/* End PBXFileReference section */

/* Begin PBXFrameworksBuildPhase section */
		57DE6FF42574B15E0047C09C /* Frameworks */ = {
			isa = PBXFrameworksBuildPhase;
			buildActionMask = 2147483647;
			files = (
			);
			runOnlyForDeploymentPostprocessing = 0;
		};
		57DE700D2574B15F0047C09C /* Frameworks */ = {
			isa = PBXFrameworksBuildPhase;
			buildActionMask = 2147483647;
			files = (
			);
			runOnlyForDeploymentPostprocessing = 0;
		};
		57DE70182574B15F0047C09C /* Frameworks */ = {
			isa = PBXFrameworksBuildPhase;
			buildActionMask = 2147483647;
			files = (
			);
			runOnlyForDeploymentPostprocessing = 0;
		};
/* End PBXFrameworksBuildPhase section */

/* Begin PBXGroup section */
		57A1EF672574E2000098EE6E /* ViewController */ = {
			isa = PBXGroup;
			children = (
				57DE6FFE2574B15F0047C09C /* ViewController.swift */,
				57A1EF682574E24A0098EE6E /* SecondViewController.swift */,
				57A567742592311A008568DB /* FrontViewController.swift */,
				57A567732592311A008568DB /* RevealViewController.swift */,
				57A567722592311A008568DB /* SideBarViewController.swift */,
				57A1EF702574E2520098EE6E /* ThirdViewController.swift */,
			);
			path = ViewController;
			sourceTree = "<group>";
		};
		57A1EF992575D1EA0098EE6E /* Resource */ = {
			isa = PBXGroup;
			children = (
				57A1EF9C2575D2290098EE6E /* calendar.png */,
				57A1EF9E2575D2290098EE6E /* checkmark@2x.png */,
				57A1EFA22575D2290098EE6E /* connectivity-bar.png */,
				57A1EFA12575D2290098EE6E /* designbump@2x.png */,
				57A1EFA52575D2290098EE6E /* facebook@2x.png */,
				57A1EF9B2575D2290098EE6E /* file-tree.png */,
				57A1EF9D2575D2290098EE6E /* google@2x.png */,
				57A1EFA02575D2290098EE6E /* homes_119.png */,
				57A1EFA32575D2290098EE6E /* menubar-bg-mini.png */,
				57A1EF9A2575D2290098EE6E /* menubar-bg.png */,
				57A1EF9F2575D2290098EE6E /* photo.png */,
				57A1EFA62575D22A0098EE6E /* rss@2x.png */,
				57A1EFA42575D2290098EE6E /* twitter@2x.png */,
			);
			path = Resource;
			sourceTree = "<group>";
		};
		57DE6FEE2574B15E0047C09C = {
			isa = PBXGroup;
			children = (
				57DE6FF92574B15F0047C09C /* TabBarController */,
				57DE70132574B15F0047C09C /* TabBarControllerTests */,
				57DE701E2574B15F0047C09C /* TabBarControllerUITests */,
				57DE6FF82574B15F0047C09C /* Products */,
			);
			sourceTree = "<group>";
		};
		57DE6FF82574B15F0047C09C /* Products */ = {
			isa = PBXGroup;
			children = (
				57DE6FF72574B15F0047C09C /* TabBarController.app */,
				57DE70102574B15F0047C09C /* TabBarControllerTests.xctest */,
				57DE701B2574B15F0047C09C /* TabBarControllerUITests.xctest */,
			);
			name = Products;
			sourceTree = "<group>";
		};
		57DE6FF92574B15F0047C09C /* TabBarController */ = {
			isa = PBXGroup;
			children = (
				57DE6FFA2574B15F0047C09C /* AppDelegate.swift */,
				57DE6FFC2574B15F0047C09C /* SceneDelegate.swift */,
				57A1EF992575D1EA0098EE6E /* Resource */,
				57A1EF672574E2000098EE6E /* ViewController */,
				57DE70002574B15F0047C09C /* Main.storyboard */,
				57DE70062574B15F0047C09C /* Assets.xcassets */,
				57DE70082574B15F0047C09C /* LaunchScreen.storyboard */,
				57DE700B2574B15F0047C09C /* Info.plist */,
				57DE70032574B15F0047C09C /* TabBarController.xcdatamodeld */,
			);
			path = TabBarController;
			sourceTree = "<group>";
		};
		57DE70132574B15F0047C09C /* TabBarControllerTests */ = {
			isa = PBXGroup;
			children = (
				57DE70142574B15F0047C09C /* TabBarControllerTests.swift */,
				57DE70162574B15F0047C09C /* Info.plist */,
			);
			path = TabBarControllerTests;
			sourceTree = "<group>";
		};
		57DE701E2574B15F0047C09C /* TabBarControllerUITests */ = {
			isa = PBXGroup;
			children = (
				57DE701F2574B15F0047C09C /* TabBarControllerUITests.swift */,
				57DE70212574B15F0047C09C /* Info.plist */,
			);
			path = TabBarControllerUITests;
			sourceTree = "<group>";
		};
/* End PBXGroup section */

/* Begin PBXNativeTarget section */
		57DE6FF62574B15E0047C09C /* TabBarController */ = {
			isa = PBXNativeTarget;
			buildConfigurationList = 57DE70242574B1600047C09C /* Build configuration list for PBXNativeTarget "TabBarController" */;
			buildPhases = (
				57DE6FF32574B15E0047C09C /* Sources */,
				57DE6FF42574B15E0047C09C /* Frameworks */,
				57DE6FF52574B15E0047C09C /* Resources */,
			);
			buildRules = (
			);
			dependencies = (
			);
			name = TabBarController;
			productName = TabBarController;
			productReference = 57DE6FF72574B15F0047C09C /* TabBarController.app */;
			productType = "com.apple.product-type.application";
		};
		57DE700F2574B15F0047C09C /* TabBarControllerTests */ = {
			isa = PBXNativeTarget;
			buildConfigurationList = 57DE70272574B1600047C09C /* Build configuration list for PBXNativeTarget "TabBarControllerTests" */;
			buildPhases = (
				57DE700C2574B15F0047C09C /* Sources */,
				57DE700D2574B15F0047C09C /* Frameworks */,
				57DE700E2574B15F0047C09C /* Resources */,
			);
			buildRules = (
			);
			dependencies = (
				57DE70122574B15F0047C09C /* PBXTargetDependency */,
			);
			name = TabBarControllerTests;
			productName = TabBarControllerTests;
			productReference = 57DE70102574B15F0047C09C /* TabBarControllerTests.xctest */;
			productType = "com.apple.product-type.bundle.unit-test";
		};
		57DE701A2574B15F0047C09C /* TabBarControllerUITests */ = {
			isa = PBXNativeTarget;
			buildConfigurationList = 57DE702A2574B1600047C09C /* Build configuration list for PBXNativeTarget "TabBarControllerUITests" */;
			buildPhases = (
				57DE70172574B15F0047C09C /* Sources */,
				57DE70182574B15F0047C09C /* Frameworks */,
				57DE70192574B15F0047C09C /* Resources */,
			);
			buildRules = (
			);
			dependencies = (
				57DE701D2574B15F0047C09C /* PBXTargetDependency */,
			);
			name = TabBarControllerUITests;
			productName = TabBarControllerUITests;
			productReference = 57DE701B2574B15F0047C09C /* TabBarControllerUITests.xctest */;
			productType = "com.apple.product-type.bundle.ui-testing";
		};
/* End PBXNativeTarget section */

/* Begin PBXProject section */
		57DE6FEF2574B15E0047C09C /* Project object */ = {
			isa = PBXProject;
			attributes = {
				LastSwiftUpdateCheck = 1220;
				LastUpgradeCheck = 1220;
				TargetAttributes = {
					57DE6FF62574B15E0047C09C = {
						CreatedOnToolsVersion = 12.2;
					};
					57DE700F2574B15F0047C09C = {
						CreatedOnToolsVersion = 12.2;
						TestTargetID = 57DE6FF62574B15E0047C09C;
					};
					57DE701A2574B15F0047C09C = {
						CreatedOnToolsVersion = 12.2;
						TestTargetID = 57DE6FF62574B15E0047C09C;
					};
				};
			};
			buildConfigurationList = 57DE6FF22574B15E0047C09C /* Build configuration list for PBXProject "TabBarController" */;
			compatibilityVersion = "Xcode 9.3";
			developmentRegion = en;
			hasScannedForEncodings = 0;
			knownRegions = (
				en,
				Base,
			);
			mainGroup = 57DE6FEE2574B15E0047C09C;
			productRefGroup = 57DE6FF82574B15F0047C09C /* Products */;
			projectDirPath = "";
			projectRoot = "";
			targets = (
				57DE6FF62574B15E0047C09C /* TabBarController */,
				57DE700F2574B15F0047C09C /* TabBarControllerTests */,
				57DE701A2574B15F0047C09C /* TabBarControllerUITests */,
			);
		};
/* End PBXProject section */

/* Begin PBXResourcesBuildPhase section */
		57DE6FF52574B15E0047C09C /* Resources */ = {
			isa = PBXResourcesBuildPhase;
			buildActionMask = 2147483647;
			files = (
				57A1EFAE2575D22A0098EE6E /* designbump@2x.png in Resources */,
				57DE700A2574B15F0047C09C /* LaunchScreen.storyboard in Resources */,
				57A1EFA92575D22A0098EE6E /* calendar.png in Resources */,
				57A1EFA82575D22A0098EE6E /* file-tree.png in Resources */,
				57A1EFAF2575D22A0098EE6E /* connectivity-bar.png in Resources */,
				57A1EFB02575D22A0098EE6E /* menubar-bg-mini.png in Resources */,
				57A1EFB12575D22A0098EE6E /* twitter@2x.png in Resources */,
				57A1EFA72575D22A0098EE6E /* menubar-bg.png in Resources */,
				57A1EFAA2575D22A0098EE6E /* google@2x.png in Resources */,
				57A1EFAC2575D22A0098EE6E /* photo.png in Resources */,
				57A1EFB22575D22A0098EE6E /* facebook@2x.png in Resources */,
				57DE70072574B15F0047C09C /* Assets.xcassets in Resources */,
				57A1EFAB2575D22A0098EE6E /* checkmark@2x.png in Resources */,
				57A1EFAD2575D22A0098EE6E /* homes_119.png in Resources */,
				57DE70022574B15F0047C09C /* Main.storyboard in Resources */,
				57A1EFB32575D22A0098EE6E /* rss@2x.png in Resources */,
			);
			runOnlyForDeploymentPostprocessing = 0;
		};
		57DE700E2574B15F0047C09C /* Resources */ = {
			isa = PBXResourcesBuildPhase;
			buildActionMask = 2147483647;
			files = (
			);
			runOnlyForDeploymentPostprocessing = 0;
		};
		57DE70192574B15F0047C09C /* Resources */ = {
			isa = PBXResourcesBuildPhase;
			buildActionMask = 2147483647;
			files = (
			);
			runOnlyForDeploymentPostprocessing = 0;
		};
/* End PBXResourcesBuildPhase section */

/* Begin PBXSourcesBuildPhase section */
		57DE6FF32574B15E0047C09C /* Sources */ = {
			isa = PBXSourcesBuildPhase;
			buildActionMask = 2147483647;
			files = (
				57A567772592311A008568DB /* FrontViewController.swift in Sources */,
				57DE6FFF2574B15F0047C09C /* ViewController.swift in Sources */,
				57DE70052574B15F0047C09C /* TabBarController.xcdatamodeld in Sources */,
				57A567752592311A008568DB /* SideBarViewController.swift in Sources */,
				57A567762592311A008568DB /* RevealViewController.swift in Sources */,
				57DE6FFB2574B15F0047C09C /* AppDelegate.swift in Sources */,
				57A1EF692574E24A0098EE6E /* SecondViewController.swift in Sources */,
				57A1EF712574E2520098EE6E /* ThirdViewController.swift in Sources */,
				57DE6FFD2574B15F0047C09C /* SceneDelegate.swift in Sources */,
			);
			runOnlyForDeploymentPostprocessing = 0;
		};
		57DE700C2574B15F0047C09C /* Sources */ = {
			isa = PBXSourcesBuildPhase;
			buildActionMask = 2147483647;
			files = (
				57DE70152574B15F0047C09C /* TabBarControllerTests.swift in Sources */,
			);
			runOnlyForDeploymentPostprocessing = 0;
		};
		57DE70172574B15F0047C09C /* Sources */ = {
			isa = PBXSourcesBuildPhase;
			buildActionMask = 2147483647;
			files = (
				57DE70202574B15F0047C09C /* TabBarControllerUITests.swift in Sources */,
			);
			runOnlyForDeploymentPostprocessing = 0;
		};
/* End PBXSourcesBuildPhase section */

/* Begin PBXTargetDependency section */
		57DE70122574B15F0047C09C /* PBXTargetDependency */ = {
			isa = PBXTargetDependency;
			target = 57DE6FF62574B15E0047C09C /* TabBarController */;
			targetProxy = 57DE70112574B15F0047C09C /* PBXContainerItemProxy */;
		};
		57DE701D2574B15F0047C09C /* PBXTargetDependency */ = {
			isa = PBXTargetDependency;
			target = 57DE6FF62574B15E0047C09C /* TabBarController */;
			targetProxy = 57DE701C2574B15F0047C09C /* PBXContainerItemProxy */;
		};
/* End PBXTargetDependency section */

/* Begin PBXVariantGroup section */
		57DE70002574B15F0047C09C /* Main.storyboard */ = {
			isa = PBXVariantGroup;
			children = (
				57DE70012574B15F0047C09C /* Base */,
			);
			name = Main.storyboard;
			sourceTree = "<group>";
		};
		57DE70082574B15F0047C09C /* LaunchScreen.storyboard */ = {
			isa = PBXVariantGroup;
			children = (
				57DE70092574B15F0047C09C /* Base */,
			);
			name = LaunchScreen.storyboard;
			sourceTree = "<group>";
		};
/* End PBXVariantGroup section */

/* Begin XCBuildConfiguration section */
		57DE70222574B15F0047C09C /* Debug */ = {
			isa = XCBuildConfiguration;
			buildSettings = {
				ALWAYS_SEARCH_USER_PATHS = NO;
				CLANG_ANALYZER_NONNULL = YES;
				CLANG_ANALYZER_NUMBER_OBJECT_CONVERSION = YES_AGGRESSIVE;
				CLANG_CXX_LANGUAGE_STANDARD = "gnu++14";
				CLANG_CXX_LIBRARY = "libc++";
				CLANG_ENABLE_MODULES = YES;
				CLANG_ENABLE_OBJC_ARC = YES;
				CLANG_ENABLE_OBJC_WEAK = YES;
				CLANG_WARN_BLOCK_CAPTURE_AUTORELEASING = YES;
				CLANG_WARN_BOOL_CONVERSION = YES;
				CLANG_WARN_COMMA = YES;
				CLANG_WARN_CONSTANT_CONVERSION = YES;
				CLANG_WARN_DEPRECATED_OBJC_IMPLEMENTATIONS = YES;
				CLANG_WARN_DIRECT_OBJC_ISA_USAGE = YES_ERROR;
				CLANG_WARN_DOCUMENTATION_COMMENTS = YES;
				CLANG_WARN_EMPTY_BODY = YES;
				CLANG_WARN_ENUM_CONVERSION = YES;
				CLANG_WARN_INFINITE_RECURSION = YES;
				CLANG_WARN_INT_CONVERSION = YES;
				CLANG_WARN_NON_LITERAL_NULL_CONVERSION = YES;
				CLANG_WARN_OBJC_IMPLICIT_RETAIN_SELF = YES;
				CLANG_WARN_OBJC_LITERAL_CONVERSION = YES;
				CLANG_WARN_OBJC_ROOT_CLASS = YES_ERROR;
				CLANG_WARN_QUOTED_INCLUDE_IN_FRAMEWORK_HEADER = YES;
				CLANG_WARN_RANGE_LOOP_ANALYSIS = YES;
				CLANG_WARN_STRICT_PROTOTYPES = YES;
				CLANG_WARN_SUSPICIOUS_MOVE = YES;
				CLANG_WARN_UNGUARDED_AVAILABILITY = YES_AGGRESSIVE;
				CLANG_WARN_UNREACHABLE_CODE = YES;
				CLANG_WARN__DUPLICATE_METHOD_MATCH = YES;
				COPY_PHASE_STRIP = NO;
				DEBUG_INFORMATION_FORMAT = dwarf;
				ENABLE_STRICT_OBJC_MSGSEND = YES;
				ENABLE_TESTABILITY = YES;
				GCC_C_LANGUAGE_STANDARD = gnu11;
				GCC_DYNAMIC_NO_PIC = NO;
				GCC_NO_COMMON_BLOCKS = YES;
				GCC_OPTIMIZATION_LEVEL = 0;
				GCC_PREPROCESSOR_DEFINITIONS = (
					"DEBUG=1",
					"$(inherited)",
				);
				GCC_WARN_64_TO_32_BIT_CONVERSION = YES;
				GCC_WARN_ABOUT_RETURN_TYPE = YES_ERROR;
				GCC_WARN_UNDECLARED_SELECTOR = YES;
				GCC_WARN_UNINITIALIZED_AUTOS = YES_AGGRESSIVE;
				GCC_WARN_UNUSED_FUNCTION = YES;
				GCC_WARN_UNUSED_VARIABLE = YES;
				IPHONEOS_DEPLOYMENT_TARGET = 14.2;
				MTL_ENABLE_DEBUG_INFO = INCLUDE_SOURCE;
				MTL_FAST_MATH = YES;
				ONLY_ACTIVE_ARCH = YES;
				SDKROOT = iphoneos;
				SWIFT_ACTIVE_COMPILATION_CONDITIONS = DEBUG;
				SWIFT_OPTIMIZATION_LEVEL = "-Onone";
			};
			name = Debug;
		};
		57DE70232574B1600047C09C /* Release */ = {
			isa = XCBuildConfiguration;
			buildSettings = {
				ALWAYS_SEARCH_USER_PATHS = NO;
				CLANG_ANALYZER_NONNULL = YES;
				CLANG_ANALYZER_NUMBER_OBJECT_CONVERSION = YES_AGGRESSIVE;
				CLANG_CXX_LANGUAGE_STANDARD = "gnu++14";
				CLANG_CXX_LIBRARY = "libc++";
				CLANG_ENABLE_MODULES = YES;
				CLANG_ENABLE_OBJC_ARC = YES;
				CLANG_ENABLE_OBJC_WEAK = YES;
				CLANG_WARN_BLOCK_CAPTURE_AUTORELEASING = YES;
				CLANG_WARN_BOOL_CONVERSION = YES;
				CLANG_WARN_COMMA = YES;
				CLANG_WARN_CONSTANT_CONVERSION = YES;
				CLANG_WARN_DEPRECATED_OBJC_IMPLEMENTATIONS = YES;
				CLANG_WARN_DIRECT_OBJC_ISA_USAGE = YES_ERROR;
				CLANG_WARN_DOCUMENTATION_COMMENTS = YES;
				CLANG_WARN_EMPTY_BODY = YES;
				CLANG_WARN_ENUM_CONVERSION = YES;
				CLANG_WARN_INFINITE_RECURSION = YES;
				CLANG_WARN_INT_CONVERSION = YES;
				CLANG_WARN_NON_LITERAL_NULL_CONVERSION = YES;
				CLANG_WARN_OBJC_IMPLICIT_RETAIN_SELF = YES;
				CLANG_WARN_OBJC_LITERAL_CONVERSION = YES;
				CLANG_WARN_OBJC_ROOT_CLASS = YES_ERROR;
				CLANG_WARN_QUOTED_INCLUDE_IN_FRAMEWORK_HEADER = YES;
				CLANG_WARN_RANGE_LOOP_ANALYSIS = YES;
				CLANG_WARN_STRICT_PROTOTYPES = YES;
				CLANG_WARN_SUSPICIOUS_MOVE = YES;
				CLANG_WARN_UNGUARDED_AVAILABILITY = YES_AGGRESSIVE;
				CLANG_WARN_UNREACHABLE_CODE = YES;
				CLANG_WARN__DUPLICATE_METHOD_MATCH = YES;
				COPY_PHASE_STRIP = NO;
				DEBUG_INFORMATION_FORMAT = "dwarf-with-dsym";
				ENABLE_NS_ASSERTIONS = NO;
				ENABLE_STRICT_OBJC_MSGSEND = YES;
				GCC_C_LANGUAGE_STANDARD = gnu11;
				GCC_NO_COMMON_BLOCKS = YES;
				GCC_WARN_64_TO_32_BIT_CONVERSION = YES;
				GCC_WARN_ABOUT_RETURN_TYPE = YES_ERROR;
				GCC_WARN_UNDECLARED_SELECTOR = YES;
				GCC_WARN_UNINITIALIZED_AUTOS = YES_AGGRESSIVE;
				GCC_WARN_UNUSED_FUNCTION = YES;
				GCC_WARN_UNUSED_VARIABLE = YES;
				IPHONEOS_DEPLOYMENT_TARGET = 14.2;
				MTL_ENABLE_DEBUG_INFO = NO;
				MTL_FAST_MATH = YES;
				SDKROOT = iphoneos;
				SWIFT_COMPILATION_MODE = wholemodule;
				SWIFT_OPTIMIZATION_LEVEL = "-O";
				VALIDATE_PRODUCT = YES;
			};
			name = Release;
		};
		57DE70252574B1600047C09C /* Debug */ = {
			isa = XCBuildConfiguration;
			buildSettings = {
				ASSETCATALOG_COMPILER_APPICON_NAME = AppIcon;
				ASSETCATALOG_COMPILER_GLOBAL_ACCENT_COLOR_NAME = AccentColor;
				CODE_SIGN_STYLE = Automatic;
				DEVELOPMENT_TEAM = SF6SBNPMLX;
				INFOPLIST_FILE = TabBarController/Info.plist;
				LD_RUNPATH_SEARCH_PATHS = (
					"$(inherited)",
					"@executable_path/Frameworks",
				);
				PRODUCT_BUNDLE_IDENTIFIER = geonhyeong.TabBarController;
				PRODUCT_NAME = "$(TARGET_NAME)";
				SWIFT_VERSION = 5.0;
				TARGETED_DEVICE_FAMILY = "1,2";
			};
			name = Debug;
		};
		57DE70262574B1600047C09C /* Release */ = {
			isa = XCBuildConfiguration;
			buildSettings = {
				ASSETCATALOG_COMPILER_APPICON_NAME = AppIcon;
				ASSETCATALOG_COMPILER_GLOBAL_ACCENT_COLOR_NAME = AccentColor;
				CODE_SIGN_STYLE = Automatic;
				DEVELOPMENT_TEAM = SF6SBNPMLX;
				INFOPLIST_FILE = TabBarController/Info.plist;
				LD_RUNPATH_SEARCH_PATHS = (
					"$(inherited)",
					"@executable_path/Frameworks",
				);
				PRODUCT_BUNDLE_IDENTIFIER = geonhyeong.TabBarController;
				PRODUCT_NAME = "$(TARGET_NAME)";
				SWIFT_VERSION = 5.0;
				TARGETED_DEVICE_FAMILY = "1,2";
			};
			name = Release;
		};
		57DE70282574B1600047C09C /* Debug */ = {
			isa = XCBuildConfiguration;
			buildSettings = {
				ALWAYS_EMBED_SWIFT_STANDARD_LIBRARIES = YES;
				BUNDLE_LOADER = "$(TEST_HOST)";
				CODE_SIGN_STYLE = Automatic;
				DEVELOPMENT_TEAM = SF6SBNPMLX;
				INFOPLIST_FILE = TabBarControllerTests/Info.plist;
				IPHONEOS_DEPLOYMENT_TARGET = 14.2;
				LD_RUNPATH_SEARCH_PATHS = (
					"$(inherited)",
					"@executable_path/Frameworks",
					"@loader_path/Frameworks",
				);
				PRODUCT_BUNDLE_IDENTIFIER = geonhyeong.TabBarControllerTests;
				PRODUCT_NAME = "$(TARGET_NAME)";
				SWIFT_VERSION = 5.0;
				TARGETED_DEVICE_FAMILY = "1,2";
				TEST_HOST = "$(BUILT_PRODUCTS_DIR)/TabBarController.app/TabBarController";
			};
			name = Debug;
		};
		57DE70292574B1600047C09C /* Release */ = {
			isa = XCBuildConfiguration;
			buildSettings = {
				ALWAYS_EMBED_SWIFT_STANDARD_LIBRARIES = YES;
				BUNDLE_LOADER = "$(TEST_HOST)";
				CODE_SIGN_STYLE = Automatic;
				DEVELOPMENT_TEAM = SF6SBNPMLX;
				INFOPLIST_FILE = TabBarControllerTests/Info.plist;
				IPHONEOS_DEPLOYMENT_TARGET = 14.2;
				LD_RUNPATH_SEARCH_PATHS = (
					"$(inherited)",
					"@executable_path/Frameworks",
					"@loader_path/Frameworks",
				);
				PRODUCT_BUNDLE_IDENTIFIER = geonhyeong.TabBarControllerTests;
				PRODUCT_NAME = "$(TARGET_NAME)";
				SWIFT_VERSION = 5.0;
				TARGETED_DEVICE_FAMILY = "1,2";
				TEST_HOST = "$(BUILT_PRODUCTS_DIR)/TabBarController.app/TabBarController";
			};
			name = Release;
		};
		57DE702B2574B1600047C09C /* Debug */ = {
			isa = XCBuildConfiguration;
			buildSettings = {
				ALWAYS_EMBED_SWIFT_STANDARD_LIBRARIES = YES;
				CODE_SIGN_STYLE = Automatic;
				DEVELOPMENT_TEAM = SF6SBNPMLX;
				INFOPLIST_FILE = TabBarControllerUITests/Info.plist;
				LD_RUNPATH_SEARCH_PATHS = (
					"$(inherited)",
					"@executable_path/Frameworks",
					"@loader_path/Frameworks",
				);
				PRODUCT_BUNDLE_IDENTIFIER = geonhyeong.TabBarControllerUITests;
				PRODUCT_NAME = "$(TARGET_NAME)";
				SWIFT_VERSION = 5.0;
				TARGETED_DEVICE_FAMILY = "1,2";
				TEST_TARGET_NAME = TabBarController;
			};
			name = Debug;
		};
		57DE702C2574B1600047C09C /* Release */ = {
			isa = XCBuildConfiguration;
			buildSettings = {
				ALWAYS_EMBED_SWIFT_STANDARD_LIBRARIES = YES;
				CODE_SIGN_STYLE = Automatic;
				DEVELOPMENT_TEAM = SF6SBNPMLX;
				INFOPLIST_FILE = TabBarControllerUITests/Info.plist;
				LD_RUNPATH_SEARCH_PATHS = (
					"$(inherited)",
					"@executable_path/Frameworks",
					"@loader_path/Frameworks",
				);
				PRODUCT_BUNDLE_IDENTIFIER = geonhyeong.TabBarControllerUITests;
				PRODUCT_NAME = "$(TARGET_NAME)";
				SWIFT_VERSION = 5.0;
				TARGETED_DEVICE_FAMILY = "1,2";
				TEST_TARGET_NAME = TabBarController;
			};
			name = Release;
		};
/* End XCBuildConfiguration section */

/* Begin XCConfigurationList section */
		57DE6FF22574B15E0047C09C /* Build configuration list for PBXProject "TabBarController" */ = {
			isa = XCConfigurationList;
			buildConfigurations = (
				57DE70222574B15F0047C09C /* Debug */,
				57DE70232574B1600047C09C /* Release */,
			);
			defaultConfigurationIsVisible = 0;
			defaultConfigurationName = Release;
		};
		57DE70242574B1600047C09C /* Build configuration list for PBXNativeTarget "TabBarController" */ = {
			isa = XCConfigurationList;
			buildConfigurations = (
				57DE70252574B1600047C09C /* Debug */,
				57DE70262574B1600047C09C /* Release */,
			);
			defaultConfigurationIsVisible = 0;
			defaultConfigurationName = Release;
		};
		57DE70272574B1600047C09C /* Build configuration list for PBXNativeTarget "TabBarControllerTests" */ = {
			isa = XCConfigurationList;
			buildConfigurations = (
				57DE70282574B1600047C09C /* Debug */,
				57DE70292574B1600047C09C /* Release */,
			);
			defaultConfigurationIsVisible = 0;
			defaultConfigurationName = Release;
		};
		57DE702A2574B1600047C09C /* Build configuration list for PBXNativeTarget "TabBarControllerUITests" */ = {
			isa = XCConfigurationList;
			buildConfigurations = (
				57DE702B2574B1600047C09C /* Debug */,
				57DE702C2574B1600047C09C /* Release */,
			);
			defaultConfigurationIsVisible = 0;
			defaultConfigurationName = Release;
		};
/* End XCConfigurationList section */

/* Begin XCVersionGroup section */
		57DE70032574B15F0047C09C /* TabBarController.xcdatamodeld */ = {
			isa = XCVersionGroup;
			children = (
				57DE70042574B15F0047C09C /* TabBarController.xcdatamodel */,
			);
			currentVersion = 57DE70042574B15F0047C09C /* TabBarController.xcdatamodel */;
			path = TabBarController.xcdatamodeld;
			sourceTree = "<group>";
			versionGroupType = wrapper.xcdatamodel;
		};
/* End XCVersionGroup section */
	};
	rootObject = 57DE6FEF2574B15E0047C09C /* Project object */;
}
